
Microsoft Visual Studio Solution File, Format Version 12.00
# Visual Studio Version 16
VisualStudioVersion = 16.0.31613.86
MinimumVisualStudioVersion = 10.0.40219.1
Project("{FAE04EC0-301F-11D3-BF4B-00C04F79EFBC}") = "senai.spmedgroup.webApi", "senai.spmedgroup.webApi\senai.spmedgroup.webApi.csproj", "{3BEFEA94-5C26-4101-AD56-C9B88709AB68}"
EndProject
Global
	GlobalSection(SolutionConfigurationPlatforms) = preSolution
		Debug|Any CPU = Debug|Any CPU
		Release|Any CPU = Release|Any CPU
	EndGlobalSection
	GlobalSection(ProjectConfigurationPlatforms) = postSolution
		{3BEFEA94-5C26-4101-AD56-C9B88709AB68}.Debug|Any CPU.ActiveCfg = Debug|Any CPU
		{3BEFEA94-5C26-4101-AD56-C9B88709AB68}.Debug|Any CPU.Build.0 = Debug|Any CPU
		{3BEFEA94-5C26-4101-AD56-C9B88709AB68}.Release|Any CPU.ActiveCfg = Release|Any CPU
		{3BEFEA94-5C26-4101-AD56-C9B88709AB68}.Release|Any CPU.Build.0 = Release|Any CPU
	EndGlobalSection
	GlobalSection(SolutionProperties) = preSolution
		HideSolutionNode = FALSE
	EndGlobalSection
	GlobalSection(ExtensibilityGlobals) = postSolution
		SolutionGuid = {6AE19A72-42CE-4CBF-B8A9-A6A33A35A478}
	EndGlobalSection
EndGlobal
